// !$*UTF8*$!
{
	archiveVersion = 1;
	classes = {
	};
	objectVersion = 51;
	objects = {

/* Begin PBXBuildFile section */
		12CA0807B190DEC312066CE8 /* Pods_ElmenusTaskUITests.framework in Frameworks */ = {isa = PBXBuildFile; fileRef = 714C9B9D5615A3E0068BECFC /* Pods_ElmenusTaskUITests.framework */; };
		399FC35B53C6CB98985072D9 /* Pods_ElmenusTask.framework in Frameworks */ = {isa = PBXBuildFile; fileRef = 9C945096A37C3E723CA064F3 /* Pods_ElmenusTask.framework */; };
		8F34D71087BA2490C755D7ED /* Pods_ElmenusTaskTests.framework in Frameworks */ = {isa = PBXBuildFile; fileRef = 5FB753501180E06077828E4D /* Pods_ElmenusTaskTests.framework */; };
		E85DFC3422EEE7D700E5DA71 /* MenuViewModel.swift in Sources */ = {isa = PBXBuildFile; fileRef = E85DFC3322EEE7D700E5DA71 /* MenuViewModel.swift */; };
		E85DFC3622EEE87F00E5DA71 /* MenuRepository.swift in Sources */ = {isa = PBXBuildFile; fileRef = E85DFC3522EEE87F00E5DA71 /* MenuRepository.swift */; };
		E85DFC3922EEE8CB00E5DA71 /* Tag.swift in Sources */ = {isa = PBXBuildFile; fileRef = E85DFC3822EEE8CB00E5DA71 /* Tag.swift */; };
		E85DFC3B22EEE93A00E5DA71 /* Item.swift in Sources */ = {isa = PBXBuildFile; fileRef = E85DFC3A22EEE93A00E5DA71 /* Item.swift */; };
		E85DFC4322EF5ED300E5DA71 /* SceneDelegate.swift in Sources */ = {isa = PBXBuildFile; fileRef = E85DFC4222EF5ED300E5DA71 /* SceneDelegate.swift */; };
		E85DFC4622EF787200E5DA71 /* ItemDetailsVC.swift in Sources */ = {isa = PBXBuildFile; fileRef = E85DFC4522EF787200E5DA71 /* ItemDetailsVC.swift */; };
		E85DFC4822EF787D00E5DA71 /* ItemDetailsStoryboard.storyboard in Resources */ = {isa = PBXBuildFile; fileRef = E85DFC4722EF787D00E5DA71 /* ItemDetailsStoryboard.storyboard */; };
		E85DFC4C22EFE3CC00E5DA71 /* LocalTag.swift in Sources */ = {isa = PBXBuildFile; fileRef = E85DFC4B22EFE3CC00E5DA71 /* LocalTag.swift */; };
		E85DFC4E22EFE3D700E5DA71 /* LocalItem.swift in Sources */ = {isa = PBXBuildFile; fileRef = E85DFC4D22EFE3D700E5DA71 /* LocalItem.swift */; };
		E8C0063122EEDE0600BE2D10 /* MenuStoryboard.storyboard in Resources */ = {isa = PBXBuildFile; fileRef = E8C0063022EEDE0600BE2D10 /* MenuStoryboard.storyboard */; };
		E8C0063322EEE1D100BE2D10 /* MenuVC.swift in Sources */ = {isa = PBXBuildFile; fileRef = E8C0063222EEE1D100BE2D10 /* MenuVC.swift */; };
		E8C0063522EEE20F00BE2D10 /* MenuCell.swift in Sources */ = {isa = PBXBuildFile; fileRef = E8C0063422EEE20F00BE2D10 /* MenuCell.swift */; };
		E8C0063722EEE29800BE2D10 /* TagsCollectionViewCell.swift in Sources */ = {isa = PBXBuildFile; fileRef = E8C0063622EEE29800BE2D10 /* TagsCollectionViewCell.swift */; };
		E8C0063922EEE2E400BE2D10 /* ItemsTableViewCell.swift in Sources */ = {isa = PBXBuildFile; fileRef = E8C0063822EEE2E400BE2D10 /* ItemsTableViewCell.swift */; };
		E8C91A9E22E721C80017048C /* AppDelegate.swift in Sources */ = {isa = PBXBuildFile; fileRef = E8C91A9D22E721C80017048C /* AppDelegate.swift */; };
		E8C91AA522E721C80017048C /* Main.storyboard in Resources */ = {isa = PBXBuildFile; fileRef = E8C91AA322E721C80017048C /* Main.storyboard */; };
		E8C91AA722E721C90017048C /* Assets.xcassets in Resources */ = {isa = PBXBuildFile; fileRef = E8C91AA622E721C90017048C /* Assets.xcassets */; };
		E8C91AAA22E721C90017048C /* LaunchScreen.storyboard in Resources */ = {isa = PBXBuildFile; fileRef = E8C91AA822E721C90017048C /* LaunchScreen.storyboard */; };
		E8C91AB522E721C90017048C /* ElmenusTaskTests.swift in Sources */ = {isa = PBXBuildFile; fileRef = E8C91AB422E721C90017048C /* ElmenusTaskTests.swift */; };
		E8C91AC022E721C90017048C /* ElmenusTaskUITests.swift in Sources */ = {isa = PBXBuildFile; fileRef = E8C91ABF22E721C90017048C /* ElmenusTaskUITests.swift */; };
		E8C91ACF22E723F50017048C /* Localizable.strings in Resources */ = {isa = PBXBuildFile; fileRef = E8C91AD122E723F50017048C /* Localizable.strings */; };
		E8C91AD422E724560017048C /* BaseVC.swift in Sources */ = {isa = PBXBuildFile; fileRef = E8C91AD322E724560017048C /* BaseVC.swift */; };
		E8C91B1022E724740017048C /* NavigationBarUtils.swift in Sources */ = {isa = PBXBuildFile; fileRef = E8C91AD622E724740017048C /* NavigationBarUtils.swift */; };
		E8C91B1122E724740017048C /* CGRectExtensions.swift in Sources */ = {isa = PBXBuildFile; fileRef = E8C91AD822E724740017048C /* CGRectExtensions.swift */; };
		E8C91B1222E724740017048C /* CGFloatExtensions.swift in Sources */ = {isa = PBXBuildFile; fileRef = E8C91AD922E724740017048C /* CGFloatExtensions.swift */; };
		E8C91B1322E724740017048C /* BlockPan.swift in Sources */ = {isa = PBXBuildFile; fileRef = E8C91ADA22E724740017048C /* BlockPan.swift */; };
		E8C91B1422E724740017048C /* ArrayExtensions.swift in Sources */ = {isa = PBXBuildFile; fileRef = E8C91ADB22E724740017048C /* ArrayExtensions.swift */; };
		E8C91B1522E724740017048C /* UITextFieldExtensions.swift in Sources */ = {isa = PBXBuildFile; fileRef = E8C91ADC22E724740017048C /* UITextFieldExtensions.swift */; };
		E8C91B1622E724740017048C /* BlockWebView.swift in Sources */ = {isa = PBXBuildFile; fileRef = E8C91ADD22E724740017048C /* BlockWebView.swift */; };
		E8C91B1722E724740017048C /* CGPointExtensions.swift in Sources */ = {isa = PBXBuildFile; fileRef = E8C91ADE22E724740017048C /* CGPointExtensions.swift */; };
		E8C91B1822E724740017048C /* TimerExtensions.swift in Sources */ = {isa = PBXBuildFile; fileRef = E8C91ADF22E724740017048C /* TimerExtensions.swift */; };
		E8C91B1922E724740017048C /* BlockSwipe.swift in Sources */ = {isa = PBXBuildFile; fileRef = E8C91AE022E724740017048C /* BlockSwipe.swift */; };
		E8C91B1A22E724740017048C /* UITextViewExtensions.swift in Sources */ = {isa = PBXBuildFile; fileRef = E8C91AE122E724740017048C /* UITextViewExtensions.swift */; };
		E8C91B1B22E724740017048C /* DictionaryExtensions.swift in Sources */ = {isa = PBXBuildFile; fileRef = E8C91AE222E724740017048C /* DictionaryExtensions.swift */; };
		E8C91B1C22E724740017048C /* BlockPinch.swift in Sources */ = {isa = PBXBuildFile; fileRef = E8C91AE322E724740017048C /* BlockPinch.swift */; };
		E8C91B1D22E724740017048C /* UIBarButtonItemExtensions.swift in Sources */ = {isa = PBXBuildFile; fileRef = E8C91AE422E724740017048C /* UIBarButtonItemExtensions.swift */; };
		E8C91B1E22E724740017048C /* ErrorTypeExtensions.swift in Sources */ = {isa = PBXBuildFile; fileRef = E8C91AE522E724740017048C /* ErrorTypeExtensions.swift */; };
		E8C91B1F22E724740017048C /* StringExtensions.swift in Sources */ = {isa = PBXBuildFile; fileRef = E8C91AE622E724740017048C /* StringExtensions.swift */; };
		E8C91B2022E724740017048C /* UIStoryboardExtensions.swift in Sources */ = {isa = PBXBuildFile; fileRef = E8C91AE722E724740017048C /* UIStoryboardExtensions.swift */; };
		E8C91B2122E724740017048C /* BlockButton.swift in Sources */ = {isa = PBXBuildFile; fileRef = E8C91AE822E724740017048C /* BlockButton.swift */; };
		E8C91B2222E724740017048C /* UIColoredView.swift in Sources */ = {isa = PBXBuildFile; fileRef = E8C91AE922E724740017048C /* UIColoredView.swift */; };
		E8C91B2322E724740017048C /* BoolExtensions.swift in Sources */ = {isa = PBXBuildFile; fileRef = E8C91AEA22E724740017048C /* BoolExtensions.swift */; };
		E8C91B2422E724740017048C /* EZSwiftFunctions.swift in Sources */ = {isa = PBXBuildFile; fileRef = E8C91AEB22E724740017048C /* EZSwiftFunctions.swift */; };
		E8C91B2522E724740017048C /* DoubleExtensions.swift in Sources */ = {isa = PBXBuildFile; fileRef = E8C91AEC22E724740017048C /* DoubleExtensions.swift */; };
		E8C91B2622E724740017048C /* UISliderExtensions.swift in Sources */ = {isa = PBXBuildFile; fileRef = E8C91AED22E724740017048C /* UISliderExtensions.swift */; };
		E8C91B2722E724740017048C /* URLExtensions.swift in Sources */ = {isa = PBXBuildFile; fileRef = E8C91AEE22E724740017048C /* URLExtensions.swift */; };
		E8C91B2822E724740017048C /* UIViewControllerExtensions.swift in Sources */ = {isa = PBXBuildFile; fileRef = E8C91AEF22E724740017048C /* UIViewControllerExtensions.swift */; };
		E8C91B2922E724740017048C /* FileManagerExtension.swift in Sources */ = {isa = PBXBuildFile; fileRef = E8C91AF022E724740017048C /* FileManagerExtension.swift */; };
		E8C91B2A22E724740017048C /* CollectionsExtension.swift in Sources */ = {isa = PBXBuildFile; fileRef = E8C91AF122E724740017048C /* CollectionsExtension.swift */; };
		E8C91B2B22E724740017048C /* UIImageExtensions.swift in Sources */ = {isa = PBXBuildFile; fileRef = E8C91AF222E724740017048C /* UIImageExtensions.swift */; };
		E8C91B2C22E724740017048C /* UIViewExtensions.swift in Sources */ = {isa = PBXBuildFile; fileRef = E8C91AF322E724740017048C /* UIViewExtensions.swift */; };
		E8C91B2D22E724740017048C /* BundleExtensions.swift in Sources */ = {isa = PBXBuildFile; fileRef = E8C91AF422E724740017048C /* BundleExtensions.swift */; };
		E8C91B2E22E724740017048C /* CharacterExtensions.swift in Sources */ = {isa = PBXBuildFile; fileRef = E8C91AF522E724740017048C /* CharacterExtensions.swift */; };
		E8C91B2F22E724740017048C /* BlockTap.swift in Sources */ = {isa = PBXBuildFile; fileRef = E8C91AF622E724740017048C /* BlockTap.swift */; };
		E8C91B3022E724740017048C /* FloatingPointExtensions.swift in Sources */ = {isa = PBXBuildFile; fileRef = E8C91AF722E724740017048C /* FloatingPointExtensions.swift */; };
		E8C91B3122E724740017048C /* NSDictionaryExtensions.swift in Sources */ = {isa = PBXBuildFile; fileRef = E8C91AF822E724740017048C /* NSDictionaryExtensions.swift */; };
		E8C91B3222E724740017048C /* IntExtensions.swift in Sources */ = {isa = PBXBuildFile; fileRef = E8C91AF922E724740017048C /* IntExtensions.swift */; };
		E8C91B3322E724740017048C /* UIWindowExtensions.swift in Sources */ = {isa = PBXBuildFile; fileRef = E8C91AFA22E724740017048C /* UIWindowExtensions.swift */; };
		E8C91B3422E724740017048C /* BlockLongPress.swift in Sources */ = {isa = PBXBuildFile; fileRef = E8C91AFB22E724740017048C /* BlockLongPress.swift */; };
		E8C91B3522E724740017048C /* DateExtensions.swift in Sources */ = {isa = PBXBuildFile; fileRef = E8C91AFC22E724740017048C /* DateExtensions.swift */; };
		E8C91B3622E724740017048C /* UILabelExtensions.swift in Sources */ = {isa = PBXBuildFile; fileRef = E8C91AFD22E724740017048C /* UILabelExtensions.swift */; };
		E8C91B3722E724740017048C /* UISwitchExtensions.swift in Sources */ = {isa = PBXBuildFile; fileRef = E8C91AFE22E724740017048C /* UISwitchExtensions.swift */; };
		E8C91B3822E724740017048C /* UIButtonExtensions.swift in Sources */ = {isa = PBXBuildFile; fileRef = E8C91AFF22E724740017048C /* UIButtonExtensions.swift */; };
		E8C91B3922E724740017048C /* NSObjectExtensions.swift in Sources */ = {isa = PBXBuildFile; fileRef = E8C91B0022E724740017048C /* NSObjectExtensions.swift */; };
		E8C91B3A22E724740017048C /* UserDefaultsExtension.swift in Sources */ = {isa = PBXBuildFile; fileRef = E8C91B0122E724740017048C /* UserDefaultsExtension.swift */; };
		E8C91B3B22E724740017048C /* UIApplicationExtensions.swift in Sources */ = {isa = PBXBuildFile; fileRef = E8C91B0222E724740017048C /* UIApplicationExtensions.swift */; };
		E8C91B3C22E724740017048C /* UIImageViewExtensions.swift in Sources */ = {isa = PBXBuildFile; fileRef = E8C91B0322E724740017048C /* UIImageViewExtensions.swift */; };
		E8C91B3D22E724740017048C /* UIUserInterfaceSizeClassExtensions.swift in Sources */ = {isa = PBXBuildFile; fileRef = E8C91B0422E724740017048C /* UIUserInterfaceSizeClassExtensions.swift */; };
		E8C91B3E22E724740017048C /* UIDeviceExtensions.swift in Sources */ = {isa = PBXBuildFile; fileRef = E8C91B0522E724740017048C /* UIDeviceExtensions.swift */; };
		E8C91B3F22E724740017048C /* NSAttributedStringExtensions.swift in Sources */ = {isa = PBXBuildFile; fileRef = E8C91B0622E724740017048C /* NSAttributedStringExtensions.swift */; };
		E8C91B4022E724740017048C /* UIAlertControllerExtensions.swift in Sources */ = {isa = PBXBuildFile; fileRef = E8C91B0722E724740017048C /* UIAlertControllerExtensions.swift */; };
		E8C91B4122E724740017048C /* UIFontExtensions.swift in Sources */ = {isa = PBXBuildFile; fileRef = E8C91B0822E724740017048C /* UIFontExtensions.swift */; };
		E8C91B4222E724740017048C /* UIColorExtensions.swift in Sources */ = {isa = PBXBuildFile; fileRef = E8C91B0922E724740017048C /* UIColorExtensions.swift */; };
		E8C91B4322E724740017048C /* UIEdgeInsets.swift in Sources */ = {isa = PBXBuildFile; fileRef = E8C91B0A22E724740017048C /* UIEdgeInsets.swift */; };
		E8C91B4422E724740017048C /* UiHelpers.swift in Sources */ = {isa = PBXBuildFile; fileRef = E8C91B0B22E724740017048C /* UiHelpers.swift */; };
		E8C91B4522E724740017048C /* Injector.swift in Sources */ = {isa = PBXBuildFile; fileRef = E8C91B0C22E724740017048C /* Injector.swift */; };
		E8C91B4622E724740017048C /* Colors.swift in Sources */ = {isa = PBXBuildFile; fileRef = E8C91B0D22E724740017048C /* Colors.swift */; };
		E8C91B4722E724740017048C /* CommonConstants.swift in Sources */ = {isa = PBXBuildFile; fileRef = E8C91B0E22E724740017048C /* CommonConstants.swift */; };
		E8C91B4822E724740017048C /* Navigator.swift in Sources */ = {isa = PBXBuildFile; fileRef = E8C91B0F22E724740017048C /* Navigator.swift */; };
/* End PBXBuildFile section */

/* Begin PBXContainerItemProxy section */
		E8C91AB122E721C90017048C /* PBXContainerItemProxy */ = {
			isa = PBXContainerItemProxy;
			containerPortal = E8C91A9222E721C80017048C /* Project object */;
			proxyType = 1;
			remoteGlobalIDString = E8C91A9922E721C80017048C;
			remoteInfo = ElmenusTask;
		};
		E8C91ABC22E721C90017048C /* PBXContainerItemProxy */ = {
			isa = PBXContainerItemProxy;
			containerPortal = E8C91A9222E721C80017048C /* Project object */;
			proxyType = 1;
			remoteGlobalIDString = E8C91A9922E721C80017048C;
			remoteInfo = ElmenusTask;
		};
/* End PBXContainerItemProxy section */

/* Begin PBXFileReference section */
		31B30CC7287AB3B8CA2A5A63 /* Pods-ElmenusTask.release.xcconfig */ = {isa = PBXFileReference; includeInIndex = 1; lastKnownFileType = text.xcconfig; name = "Pods-ElmenusTask.release.xcconfig"; path = "Target Support Files/Pods-ElmenusTask/Pods-ElmenusTask.release.xcconfig"; sourceTree = "<group>"; };
		35A91E76A989E2C8EB32DE1B /* Pods-ElmenusTask.debug.xcconfig */ = {isa = PBXFileReference; includeInIndex = 1; lastKnownFileType = text.xcconfig; name = "Pods-ElmenusTask.debug.xcconfig"; path = "Target Support Files/Pods-ElmenusTask/Pods-ElmenusTask.debug.xcconfig"; sourceTree = "<group>"; };
		5A124BE0498D73FC62CF2EFF /* Pods-ElmenusTaskTests.debug.xcconfig */ = {isa = PBXFileReference; includeInIndex = 1; lastKnownFileType = text.xcconfig; name = "Pods-ElmenusTaskTests.debug.xcconfig"; path = "Target Support Files/Pods-ElmenusTaskTests/Pods-ElmenusTaskTests.debug.xcconfig"; sourceTree = "<group>"; };
		5FB753501180E06077828E4D /* Pods_ElmenusTaskTests.framework */ = {isa = PBXFileReference; explicitFileType = wrapper.framework; includeInIndex = 0; path = Pods_ElmenusTaskTests.framework; sourceTree = BUILT_PRODUCTS_DIR; };
		702168A4DE8AE35359B74E1C /* Pods-ElmenusTaskUITests.release.xcconfig */ = {isa = PBXFileReference; includeInIndex = 1; lastKnownFileType = text.xcconfig; name = "Pods-ElmenusTaskUITests.release.xcconfig"; path = "Target Support Files/Pods-ElmenusTaskUITests/Pods-ElmenusTaskUITests.release.xcconfig"; sourceTree = "<group>"; };
		714C9B9D5615A3E0068BECFC /* Pods_ElmenusTaskUITests.framework */ = {isa = PBXFileReference; explicitFileType = wrapper.framework; includeInIndex = 0; path = Pods_ElmenusTaskUITests.framework; sourceTree = BUILT_PRODUCTS_DIR; };
		925C6410F92141E3E673AFCC /* Pods-ElmenusTaskTests.release.xcconfig */ = {isa = PBXFileReference; includeInIndex = 1; lastKnownFileType = text.xcconfig; name = "Pods-ElmenusTaskTests.release.xcconfig"; path = "Target Support Files/Pods-ElmenusTaskTests/Pods-ElmenusTaskTests.release.xcconfig"; sourceTree = "<group>"; };
		968251DF25CCFE628D5E4D52 /* Pods-ElmenusTaskUITests.debug.xcconfig */ = {isa = PBXFileReference; includeInIndex = 1; lastKnownFileType = text.xcconfig; name = "Pods-ElmenusTaskUITests.debug.xcconfig"; path = "Target Support Files/Pods-ElmenusTaskUITests/Pods-ElmenusTaskUITests.debug.xcconfig"; sourceTree = "<group>"; };
		9C945096A37C3E723CA064F3 /* Pods_ElmenusTask.framework */ = {isa = PBXFileReference; explicitFileType = wrapper.framework; includeInIndex = 0; path = Pods_ElmenusTask.framework; sourceTree = BUILT_PRODUCTS_DIR; };
		E85DFC3322EEE7D700E5DA71 /* MenuViewModel.swift */ = {isa = PBXFileReference; lastKnownFileType = sourcecode.swift; path = MenuViewModel.swift; sourceTree = "<group>"; };
		E85DFC3522EEE87F00E5DA71 /* MenuRepository.swift */ = {isa = PBXFileReference; lastKnownFileType = sourcecode.swift; path = MenuRepository.swift; sourceTree = "<group>"; };
		E85DFC3822EEE8CB00E5DA71 /* Tag.swift */ = {isa = PBXFileReference; lastKnownFileType = sourcecode.swift; path = Tag.swift; sourceTree = "<group>"; };
		E85DFC3A22EEE93A00E5DA71 /* Item.swift */ = {isa = PBXFileReference; lastKnownFileType = sourcecode.swift; path = Item.swift; sourceTree = "<group>"; };
		E85DFC4222EF5ED300E5DA71 /* SceneDelegate.swift */ = {isa = PBXFileReference; lastKnownFileType = sourcecode.swift; path = SceneDelegate.swift; sourceTree = "<group>"; };
		E85DFC4522EF787200E5DA71 /* ItemDetailsVC.swift */ = {isa = PBXFileReference; lastKnownFileType = sourcecode.swift; path = ItemDetailsVC.swift; sourceTree = "<group>"; };
		E85DFC4722EF787D00E5DA71 /* ItemDetailsStoryboard.storyboard */ = {isa = PBXFileReference; lastKnownFileType = file.storyboard; path = ItemDetailsStoryboard.storyboard; sourceTree = "<group>"; };
		E85DFC4B22EFE3CC00E5DA71 /* LocalTag.swift */ = {isa = PBXFileReference; lastKnownFileType = sourcecode.swift; path = LocalTag.swift; sourceTree = "<group>"; };
		E85DFC4D22EFE3D700E5DA71 /* LocalItem.swift */ = {isa = PBXFileReference; lastKnownFileType = sourcecode.swift; path = LocalItem.swift; sourceTree = "<group>"; };
		E8C0063022EEDE0600BE2D10 /* MenuStoryboard.storyboard */ = {isa = PBXFileReference; lastKnownFileType = file.storyboard; path = MenuStoryboard.storyboard; sourceTree = "<group>"; };
		E8C0063222EEE1D100BE2D10 /* MenuVC.swift */ = {isa = PBXFileReference; lastKnownFileType = sourcecode.swift; path = MenuVC.swift; sourceTree = "<group>"; };
		E8C0063422EEE20F00BE2D10 /* MenuCell.swift */ = {isa = PBXFileReference; lastKnownFileType = sourcecode.swift; path = MenuCell.swift; sourceTree = "<group>"; };
		E8C0063622EEE29800BE2D10 /* TagsCollectionViewCell.swift */ = {isa = PBXFileReference; lastKnownFileType = sourcecode.swift; path = TagsCollectionViewCell.swift; sourceTree = "<group>"; };
		E8C0063822EEE2E400BE2D10 /* ItemsTableViewCell.swift */ = {isa = PBXFileReference; lastKnownFileType = sourcecode.swift; path = ItemsTableViewCell.swift; sourceTree = "<group>"; };
		E8C91A9A22E721C80017048C /* ElmenusTask.app */ = {isa = PBXFileReference; explicitFileType = wrapper.application; includeInIndex = 0; path = ElmenusTask.app; sourceTree = BUILT_PRODUCTS_DIR; };
		E8C91A9D22E721C80017048C /* AppDelegate.swift */ = {isa = PBXFileReference; lastKnownFileType = sourcecode.swift; path = AppDelegate.swift; sourceTree = "<group>"; };
		E8C91AA422E721C80017048C /* Base */ = {isa = PBXFileReference; lastKnownFileType = file.storyboard; name = Base; path = Base.lproj/Main.storyboard; sourceTree = "<group>"; };
		E8C91AA622E721C90017048C /* Assets.xcassets */ = {isa = PBXFileReference; lastKnownFileType = folder.assetcatalog; path = Assets.xcassets; sourceTree = "<group>"; };
		E8C91AA922E721C90017048C /* Base */ = {isa = PBXFileReference; lastKnownFileType = file.storyboard; name = Base; path = Base.lproj/LaunchScreen.storyboard; sourceTree = "<group>"; };
		E8C91AAB22E721C90017048C /* Info.plist */ = {isa = PBXFileReference; lastKnownFileType = text.plist.xml; path = Info.plist; sourceTree = "<group>"; };
		E8C91AB022E721C90017048C /* ElmenusTaskTests.xctest */ = {isa = PBXFileReference; explicitFileType = wrapper.cfbundle; includeInIndex = 0; path = ElmenusTaskTests.xctest; sourceTree = BUILT_PRODUCTS_DIR; };
		E8C91AB422E721C90017048C /* ElmenusTaskTests.swift */ = {isa = PBXFileReference; lastKnownFileType = sourcecode.swift; path = ElmenusTaskTests.swift; sourceTree = "<group>"; };
		E8C91AB622E721C90017048C /* Info.plist */ = {isa = PBXFileReference; lastKnownFileType = text.plist.xml; path = Info.plist; sourceTree = "<group>"; };
		E8C91ABB22E721C90017048C /* ElmenusTaskUITests.xctest */ = {isa = PBXFileReference; explicitFileType = wrapper.cfbundle; includeInIndex = 0; path = ElmenusTaskUITests.xctest; sourceTree = BUILT_PRODUCTS_DIR; };
		E8C91ABF22E721C90017048C /* ElmenusTaskUITests.swift */ = {isa = PBXFileReference; lastKnownFileType = sourcecode.swift; path = ElmenusTaskUITests.swift; sourceTree = "<group>"; };
		E8C91AC122E721C90017048C /* Info.plist */ = {isa = PBXFileReference; lastKnownFileType = text.plist.xml; path = Info.plist; sourceTree = "<group>"; };
		E8C91AD022E723F50017048C /* en */ = {isa = PBXFileReference; lastKnownFileType = text.plist.strings; name = en; path = en.lproj/Localizable.strings; sourceTree = "<group>"; };
		E8C91AD222E7240D0017048C /* ar */ = {isa = PBXFileReference; lastKnownFileType = text.plist.strings; name = ar; path = ar.lproj/Localizable.strings; sourceTree = "<group>"; };
		E8C91AD322E724560017048C /* BaseVC.swift */ = {isa = PBXFileReference; fileEncoding = 4; lastKnownFileType = sourcecode.swift; path = BaseVC.swift; sourceTree = "<group>"; };
		E8C91AD622E724740017048C /* NavigationBarUtils.swift */ = {isa = PBXFileReference; fileEncoding = 4; lastKnownFileType = sourcecode.swift; path = NavigationBarUtils.swift; sourceTree = "<group>"; };
		E8C91AD822E724740017048C /* CGRectExtensions.swift */ = {isa = PBXFileReference; fileEncoding = 4; lastKnownFileType = sourcecode.swift; path = CGRectExtensions.swift; sourceTree = "<group>"; };
		E8C91AD922E724740017048C /* CGFloatExtensions.swift */ = {isa = PBXFileReference; fileEncoding = 4; lastKnownFileType = sourcecode.swift; path = CGFloatExtensions.swift; sourceTree = "<group>"; };
		E8C91ADA22E724740017048C /* BlockPan.swift */ = {isa = PBXFileReference; fileEncoding = 4; lastKnownFileType = sourcecode.swift; path = BlockPan.swift; sourceTree = "<group>"; };
		E8C91ADB22E724740017048C /* ArrayExtensions.swift */ = {isa = PBXFileReference; fileEncoding = 4; lastKnownFileType = sourcecode.swift; path = ArrayExtensions.swift; sourceTree = "<group>"; };
		E8C91ADC22E724740017048C /* UITextFieldExtensions.swift */ = {isa = PBXFileReference; fileEncoding = 4; lastKnownFileType = sourcecode.swift; path = UITextFieldExtensions.swift; sourceTree = "<group>"; };
		E8C91ADD22E724740017048C /* BlockWebView.swift */ = {isa = PBXFileReference; fileEncoding = 4; lastKnownFileType = sourcecode.swift; path = BlockWebView.swift; sourceTree = "<group>"; };
		E8C91ADE22E724740017048C /* CGPointExtensions.swift */ = {isa = PBXFileReference; fileEncoding = 4; lastKnownFileType = sourcecode.swift; path = CGPointExtensions.swift; sourceTree = "<group>"; };
		E8C91ADF22E724740017048C /* TimerExtensions.swift */ = {isa = PBXFileReference; fileEncoding = 4; lastKnownFileType = sourcecode.swift; path = TimerExtensions.swift; sourceTree = "<group>"; };
		E8C91AE022E724740017048C /* BlockSwipe.swift */ = {isa = PBXFileReference; fileEncoding = 4; lastKnownFileType = sourcecode.swift; path = BlockSwipe.swift; sourceTree = "<group>"; };
		E8C91AE122E724740017048C /* UITextViewExtensions.swift */ = {isa = PBXFileReference; fileEncoding = 4; lastKnownFileType = sourcecode.swift; path = UITextViewExtensions.swift; sourceTree = "<group>"; };
		E8C91AE222E724740017048C /* DictionaryExtensions.swift */ = {isa = PBXFileReference; fileEncoding = 4; lastKnownFileType = sourcecode.swift; path = DictionaryExtensions.swift; sourceTree = "<group>"; };
		E8C91AE322E724740017048C /* BlockPinch.swift */ = {isa = PBXFileReference; fileEncoding = 4; lastKnownFileType = sourcecode.swift; path = BlockPinch.swift; sourceTree = "<group>"; };
		E8C91AE422E724740017048C /* UIBarButtonItemExtensions.swift */ = {isa = PBXFileReference; fileEncoding = 4; lastKnownFileType = sourcecode.swift; path = UIBarButtonItemExtensions.swift; sourceTree = "<group>"; };
		E8C91AE522E724740017048C /* ErrorTypeExtensions.swift */ = {isa = PBXFileReference; fileEncoding = 4; lastKnownFileType = sourcecode.swift; path = ErrorTypeExtensions.swift; sourceTree = "<group>"; };
		E8C91AE622E724740017048C /* StringExtensions.swift */ = {isa = PBXFileReference; fileEncoding = 4; lastKnownFileType = sourcecode.swift; path = StringExtensions.swift; sourceTree = "<group>"; };
		E8C91AE722E724740017048C /* UIStoryboardExtensions.swift */ = {isa = PBXFileReference; fileEncoding = 4; lastKnownFileType = sourcecode.swift; path = UIStoryboardExtensions.swift; sourceTree = "<group>"; };
		E8C91AE822E724740017048C /* BlockButton.swift */ = {isa = PBXFileReference; fileEncoding = 4; lastKnownFileType = sourcecode.swift; path = BlockButton.swift; sourceTree = "<group>"; };
		E8C91AE922E724740017048C /* UIColoredView.swift */ = {isa = PBXFileReference; fileEncoding = 4; lastKnownFileType = sourcecode.swift; path = UIColoredView.swift; sourceTree = "<group>"; };
		E8C91AEA22E724740017048C /* BoolExtensions.swift */ = {isa = PBXFileReference; fileEncoding = 4; lastKnownFileType = sourcecode.swift; path = BoolExtensions.swift; sourceTree = "<group>"; };
		E8C91AEB22E724740017048C /* EZSwiftFunctions.swift */ = {isa = PBXFileReference; fileEncoding = 4; lastKnownFileType = sourcecode.swift; path = EZSwiftFunctions.swift; sourceTree = "<group>"; };
		E8C91AEC22E724740017048C /* DoubleExtensions.swift */ = {isa = PBXFileReference; fileEncoding = 4; lastKnownFileType = sourcecode.swift; path = DoubleExtensions.swift; sourceTree = "<group>"; };
		E8C91AED22E724740017048C /* UISliderExtensions.swift */ = {isa = PBXFileReference; fileEncoding = 4; lastKnownFileType = sourcecode.swift; path = UISliderExtensions.swift; sourceTree = "<group>"; };
		E8C91AEE22E724740017048C /* URLExtensions.swift */ = {isa = PBXFileReference; fileEncoding = 4; lastKnownFileType = sourcecode.swift; path = URLExtensions.swift; sourceTree = "<group>"; };
		E8C91AEF22E724740017048C /* UIViewControllerExtensions.swift */ = {isa = PBXFileReference; fileEncoding = 4; lastKnownFileType = sourcecode.swift; path = UIViewControllerExtensions.swift; sourceTree = "<group>"; };
		E8C91AF022E724740017048C /* FileManagerExtension.swift */ = {isa = PBXFileReference; fileEncoding = 4; lastKnownFileType = sourcecode.swift; path = FileManagerExtension.swift; sourceTree = "<group>"; };
		E8C91AF122E724740017048C /* CollectionsExtension.swift */ = {isa = PBXFileReference; fileEncoding = 4; lastKnownFileType = sourcecode.swift; path = CollectionsExtension.swift; sourceTree = "<group>"; };
		E8C91AF222E724740017048C /* UIImageExtensions.swift */ = {isa = PBXFileReference; fileEncoding = 4; lastKnownFileType = sourcecode.swift; path = UIImageExtensions.swift; sourceTree = "<group>"; };
		E8C91AF322E724740017048C /* UIViewExtensions.swift */ = {isa = PBXFileReference; fileEncoding = 4; lastKnownFileType = sourcecode.swift; path = UIViewExtensions.swift; sourceTree = "<group>"; };
		E8C91AF422E724740017048C /* BundleExtensions.swift */ = {isa = PBXFileReference; fileEncoding = 4; lastKnownFileType = sourcecode.swift; path = BundleExtensions.swift; sourceTree = "<group>"; };
		E8C91AF522E724740017048C /* CharacterExtensions.swift */ = {isa = PBXFileReference; fileEncoding = 4; lastKnownFileType = sourcecode.swift; path = CharacterExtensions.swift; sourceTree = "<group>"; };
		E8C91AF622E724740017048C /* BlockTap.swift */ = {isa = PBXFileReference; fileEncoding = 4; lastKnownFileType = sourcecode.swift; path = BlockTap.swift; sourceTree = "<group>"; };
		E8C91AF722E724740017048C /* FloatingPointExtensions.swift */ = {isa = PBXFileReference; fileEncoding = 4; lastKnownFileType = sourcecode.swift; path = FloatingPointExtensions.swift; sourceTree = "<group>"; };
		E8C91AF822E724740017048C /* NSDictionaryExtensions.swift */ = {isa = PBXFileReference; fileEncoding = 4; lastKnownFileType = sourcecode.swift; path = NSDictionaryExtensions.swift; sourceTree = "<group>"; };
		E8C91AF922E724740017048C /* IntExtensions.swift */ = {isa = PBXFileReference; fileEncoding = 4; lastKnownFileType = sourcecode.swift; path = IntExtensions.swift; sourceTree = "<group>"; };
		E8C91AFA22E724740017048C /* UIWindowExtensions.swift */ = {isa = PBXFileReference; fileEncoding = 4; lastKnownFileType = sourcecode.swift; path = UIWindowExtensions.swift; sourceTree = "<group>"; };
		E8C91AFB22E724740017048C /* BlockLongPress.swift */ = {isa = PBXFileReference; fileEncoding = 4; lastKnownFileType = sourcecode.swift; path = BlockLongPress.swift; sourceTree = "<group>"; };
		E8C91AFC22E724740017048C /* DateExtensions.swift */ = {isa = PBXFileReference; fileEncoding = 4; lastKnownFileType = sourcecode.swift; path = DateExtensions.swift; sourceTree = "<group>"; };
		E8C91AFD22E724740017048C /* UILabelExtensions.swift */ = {isa = PBXFileReference; fileEncoding = 4; lastKnownFileType = sourcecode.swift; path = UILabelExtensions.swift; sourceTree = "<group>"; };
		E8C91AFE22E724740017048C /* UISwitchExtensions.swift */ = {isa = PBXFileReference; fileEncoding = 4; lastKnownFileType = sourcecode.swift; path = UISwitchExtensions.swift; sourceTree = "<group>"; };
		E8C91AFF22E724740017048C /* UIButtonExtensions.swift */ = {isa = PBXFileReference; fileEncoding = 4; lastKnownFileType = sourcecode.swift; path = UIButtonExtensions.swift; sourceTree = "<group>"; };
		E8C91B0022E724740017048C /* NSObjectExtensions.swift */ = {isa = PBXFileReference; fileEncoding = 4; lastKnownFileType = sourcecode.swift; path = NSObjectExtensions.swift; sourceTree = "<group>"; };
		E8C91B0122E724740017048C /* UserDefaultsExtension.swift */ = {isa = PBXFileReference; fileEncoding = 4; lastKnownFileType = sourcecode.swift; path = UserDefaultsExtension.swift; sourceTree = "<group>"; };
		E8C91B0222E724740017048C /* UIApplicationExtensions.swift */ = {isa = PBXFileReference; fileEncoding = 4; lastKnownFileType = sourcecode.swift; path = UIApplicationExtensions.swift; sourceTree = "<group>"; };
		E8C91B0322E724740017048C /* UIImageViewExtensions.swift */ = {isa = PBXFileReference; fileEncoding = 4; lastKnownFileType = sourcecode.swift; path = UIImageViewExtensions.swift; sourceTree = "<group>"; };
		E8C91B0422E724740017048C /* UIUserInterfaceSizeClassExtensions.swift */ = {isa = PBXFileReference; fileEncoding = 4; lastKnownFileType = sourcecode.swift; path = UIUserInterfaceSizeClassExtensions.swift; sourceTree = "<group>"; };
		E8C91B0522E724740017048C /* UIDeviceExtensions.swift */ = {isa = PBXFileReference; fileEncoding = 4; lastKnownFileType = sourcecode.swift; path = UIDeviceExtensions.swift; sourceTree = "<group>"; };
		E8C91B0622E724740017048C /* NSAttributedStringExtensions.swift */ = {isa = PBXFileReference; fileEncoding = 4; lastKnownFileType = sourcecode.swift; path = NSAttributedStringExtensions.swift; sourceTree = "<group>"; };
		E8C91B0722E724740017048C /* UIAlertControllerExtensions.swift */ = {isa = PBXFileReference; fileEncoding = 4; lastKnownFileType = sourcecode.swift; path = UIAlertControllerExtensions.swift; sourceTree = "<group>"; };
		E8C91B0822E724740017048C /* UIFontExtensions.swift */ = {isa = PBXFileReference; fileEncoding = 4; lastKnownFileType = sourcecode.swift; path = UIFontExtensions.swift; sourceTree = "<group>"; };
		E8C91B0922E724740017048C /* UIColorExtensions.swift */ = {isa = PBXFileReference; fileEncoding = 4; lastKnownFileType = sourcecode.swift; path = UIColorExtensions.swift; sourceTree = "<group>"; };
		E8C91B0A22E724740017048C /* UIEdgeInsets.swift */ = {isa = PBXFileReference; fileEncoding = 4; lastKnownFileType = sourcecode.swift; path = UIEdgeInsets.swift; sourceTree = "<group>"; };
		E8C91B0B22E724740017048C /* UiHelpers.swift */ = {isa = PBXFileReference; fileEncoding = 4; lastKnownFileType = sourcecode.swift; path = UiHelpers.swift; sourceTree = "<group>"; };
		E8C91B0C22E724740017048C /* Injector.swift */ = {isa = PBXFileReference; fileEncoding = 4; lastKnownFileType = sourcecode.swift; path = Injector.swift; sourceTree = "<group>"; };
		E8C91B0D22E724740017048C /* Colors.swift */ = {isa = PBXFileReference; fileEncoding = 4; lastKnownFileType = sourcecode.swift; path = Colors.swift; sourceTree = "<group>"; };
		E8C91B0E22E724740017048C /* CommonConstants.swift */ = {isa = PBXFileReference; fileEncoding = 4; lastKnownFileType = sourcecode.swift; path = CommonConstants.swift; sourceTree = "<group>"; };
		E8C91B0F22E724740017048C /* Navigator.swift */ = {isa = PBXFileReference; fileEncoding = 4; lastKnownFileType = sourcecode.swift; path = Navigator.swift; sourceTree = "<group>"; };
/* End PBXFileReference section */

/* Begin PBXFrameworksBuildPhase section */
		E8C91A9722E721C80017048C /* Frameworks */ = {
			isa = PBXFrameworksBuildPhase;
			buildActionMask = 2147483647;
			files = (
				399FC35B53C6CB98985072D9 /* Pods_ElmenusTask.framework in Frameworks */,
			);
			runOnlyForDeploymentPostprocessing = 0;
		};
		E8C91AAD22E721C90017048C /* Frameworks */ = {
			isa = PBXFrameworksBuildPhase;
			buildActionMask = 2147483647;
			files = (
				8F34D71087BA2490C755D7ED /* Pods_ElmenusTaskTests.framework in Frameworks */,
			);
			runOnlyForDeploymentPostprocessing = 0;
		};
		E8C91AB822E721C90017048C /* Frameworks */ = {
			isa = PBXFrameworksBuildPhase;
			buildActionMask = 2147483647;
			files = (
				12CA0807B190DEC312066CE8 /* Pods_ElmenusTaskUITests.framework in Frameworks */,
			);
			runOnlyForDeploymentPostprocessing = 0;
		};
/* End PBXFrameworksBuildPhase section */

/* Begin PBXGroup section */
		49A82AEB36A233CBBB387211 /* Frameworks */ = {
			isa = PBXGroup;
			children = (
				9C945096A37C3E723CA064F3 /* Pods_ElmenusTask.framework */,
				5FB753501180E06077828E4D /* Pods_ElmenusTaskTests.framework */,
				714C9B9D5615A3E0068BECFC /* Pods_ElmenusTaskUITests.framework */,
			);
			name = Frameworks;
			sourceTree = "<group>";
		};
		664DCF21C4100A63D5738637 /* Pods */ = {
			isa = PBXGroup;
			children = (
				35A91E76A989E2C8EB32DE1B /* Pods-ElmenusTask.debug.xcconfig */,
				31B30CC7287AB3B8CA2A5A63 /* Pods-ElmenusTask.release.xcconfig */,
				5A124BE0498D73FC62CF2EFF /* Pods-ElmenusTaskTests.debug.xcconfig */,
				925C6410F92141E3E673AFCC /* Pods-ElmenusTaskTests.release.xcconfig */,
				968251DF25CCFE628D5E4D52 /* Pods-ElmenusTaskUITests.debug.xcconfig */,
				702168A4DE8AE35359B74E1C /* Pods-ElmenusTaskUITests.release.xcconfig */,
			);
			path = Pods;
			sourceTree = "<group>";
		};
		E85DFC3722EEE8B600E5DA71 /* Models */ = {
			isa = PBXGroup;
			children = (
				E85DFC3822EEE8CB00E5DA71 /* Tag.swift */,
				E85DFC3A22EEE93A00E5DA71 /* Item.swift */,
				E85DFC4B22EFE3CC00E5DA71 /* LocalTag.swift */,
				E85DFC4D22EFE3D700E5DA71 /* LocalItem.swift */,
			);
			path = Models;
			sourceTree = "<group>";
		};
		E85DFC3C22EEF1A900E5DA71 /* ViewModels */ = {
			isa = PBXGroup;
			children = (
				E85DFC3322EEE7D700E5DA71 /* MenuViewModel.swift */,
			);
			path = ViewModels;
			sourceTree = "<group>";
		};
		E85DFC3D22EEF1B600E5DA71 /* Repositories */ = {
			isa = PBXGroup;
			children = (
				E85DFC3522EEE87F00E5DA71 /* MenuRepository.swift */,
			);
			path = Repositories;
			sourceTree = "<group>";
		};
		E85DFC4422EF77CE00E5DA71 /* ItemDetailsScreen */ = {
			isa = PBXGroup;
			children = (
				E85DFC4522EF787200E5DA71 /* ItemDetailsVC.swift */,
				E85DFC4722EF787D00E5DA71 /* ItemDetailsStoryboard.storyboard */,
			);
			path = ItemDetailsScreen;
			sourceTree = "<group>";
		};
		E8C91A9122E721C80017048C = {
			isa = PBXGroup;
			children = (
				E8C91A9C22E721C80017048C /* ElmenusTask */,
				E8C91AB322E721C90017048C /* ElmenusTaskTests */,
				E8C91ABE22E721C90017048C /* ElmenusTaskUITests */,
				E8C91A9B22E721C80017048C /* Products */,
				664DCF21C4100A63D5738637 /* Pods */,
				49A82AEB36A233CBBB387211 /* Frameworks */,
			);
			sourceTree = "<group>";
		};
		E8C91A9B22E721C80017048C /* Products */ = {
			isa = PBXGroup;
			children = (
				E8C91A9A22E721C80017048C /* ElmenusTask.app */,
				E8C91AB022E721C90017048C /* ElmenusTaskTests.xctest */,
				E8C91ABB22E721C90017048C /* ElmenusTaskUITests.xctest */,
			);
			name = Products;
			sourceTree = "<group>";
		};
		E8C91A9C22E721C80017048C /* ElmenusTask */ = {
			isa = PBXGroup;
			children = (
				E8C91A9D22E721C80017048C /* AppDelegate.swift */,
				E8C91AD322E724560017048C /* BaseVC.swift */,
				E8C91B4922E726FA0017048C /* MenuScreen */,
				E85DFC4422EF77CE00E5DA71 /* ItemDetailsScreen */,
				E85DFC3C22EEF1A900E5DA71 /* ViewModels */,
				E85DFC3D22EEF1B600E5DA71 /* Repositories */,
				E8C91AD522E724740017048C /* Utils */,
				E85DFC3722EEE8B600E5DA71 /* Models */,
				E8C91AA322E721C80017048C /* Main.storyboard */,
				E8C91AA622E721C90017048C /* Assets.xcassets */,
				E8C91AA822E721C90017048C /* LaunchScreen.storyboard */,
				E8C91AAB22E721C90017048C /* Info.plist */,
				E8C91AD122E723F50017048C /* Localizable.strings */,
				E85DFC4222EF5ED300E5DA71 /* SceneDelegate.swift */,
			);
			path = ElmenusTask;
			sourceTree = "<group>";
		};
		E8C91AB322E721C90017048C /* ElmenusTaskTests */ = {
			isa = PBXGroup;
			children = (
				E8C91AB422E721C90017048C /* ElmenusTaskTests.swift */,
				E8C91AB622E721C90017048C /* Info.plist */,
			);
			path = ElmenusTaskTests;
			sourceTree = "<group>";
		};
		E8C91ABE22E721C90017048C /* ElmenusTaskUITests */ = {
			isa = PBXGroup;
			children = (
				E8C91ABF22E721C90017048C /* ElmenusTaskUITests.swift */,
				E8C91AC122E721C90017048C /* Info.plist */,
			);
			path = ElmenusTaskUITests;
			sourceTree = "<group>";
		};
		E8C91AD522E724740017048C /* Utils */ = {
			isa = PBXGroup;
			children = (
				E8C91AD622E724740017048C /* NavigationBarUtils.swift */,
				E8C91AD722E724740017048C /* EZSwiftExtensions */,
				E8C91B0B22E724740017048C /* UiHelpers.swift */,
				E8C91B0C22E724740017048C /* Injector.swift */,
				E8C91B0D22E724740017048C /* Colors.swift */,
				E8C91B0E22E724740017048C /* CommonConstants.swift */,
				E8C91B0F22E724740017048C /* Navigator.swift */,
			);
			path = Utils;
			sourceTree = "<group>";
		};
		E8C91AD722E724740017048C /* EZSwiftExtensions */ = {
			isa = PBXGroup;
			children = (
				E8C91AD822E724740017048C /* CGRectExtensions.swift */,
				E8C91AD922E724740017048C /* CGFloatExtensions.swift */,
				E8C91ADA22E724740017048C /* BlockPan.swift */,
				E8C91ADB22E724740017048C /* ArrayExtensions.swift */,
				E8C91ADC22E724740017048C /* UITextFieldExtensions.swift */,
				E8C91ADD22E724740017048C /* BlockWebView.swift */,
				E8C91ADE22E724740017048C /* CGPointExtensions.swift */,
				E8C91ADF22E724740017048C /* TimerExtensions.swift */,
				E8C91AE022E724740017048C /* BlockSwipe.swift */,
				E8C91AE122E724740017048C /* UITextViewExtensions.swift */,
				E8C91AE222E724740017048C /* DictionaryExtensions.swift */,
				E8C91AE322E724740017048C /* BlockPinch.swift */,
				E8C91AE422E724740017048C /* UIBarButtonItemExtensions.swift */,
				E8C91AE522E724740017048C /* ErrorTypeExtensions.swift */,
				E8C91AE622E724740017048C /* StringExtensions.swift */,
				E8C91AE722E724740017048C /* UIStoryboardExtensions.swift */,
				E8C91AE822E724740017048C /* BlockButton.swift */,
				E8C91AE922E724740017048C /* UIColoredView.swift */,
				E8C91AEA22E724740017048C /* BoolExtensions.swift */,
				E8C91AEB22E724740017048C /* EZSwiftFunctions.swift */,
				E8C91AEC22E724740017048C /* DoubleExtensions.swift */,
				E8C91AED22E724740017048C /* UISliderExtensions.swift */,
				E8C91AEE22E724740017048C /* URLExtensions.swift */,
				E8C91AEF22E724740017048C /* UIViewControllerExtensions.swift */,
				E8C91AF022E724740017048C /* FileManagerExtension.swift */,
				E8C91AF122E724740017048C /* CollectionsExtension.swift */,
				E8C91AF222E724740017048C /* UIImageExtensions.swift */,
				E8C91AF322E724740017048C /* UIViewExtensions.swift */,
				E8C91AF422E724740017048C /* BundleExtensions.swift */,
				E8C91AF522E724740017048C /* CharacterExtensions.swift */,
				E8C91AF622E724740017048C /* BlockTap.swift */,
				E8C91AF722E724740017048C /* FloatingPointExtensions.swift */,
				E8C91AF822E724740017048C /* NSDictionaryExtensions.swift */,
				E8C91AF922E724740017048C /* IntExtensions.swift */,
				E8C91AFA22E724740017048C /* UIWindowExtensions.swift */,
				E8C91AFB22E724740017048C /* BlockLongPress.swift */,
				E8C91AFC22E724740017048C /* DateExtensions.swift */,
				E8C91AFD22E724740017048C /* UILabelExtensions.swift */,
				E8C91AFE22E724740017048C /* UISwitchExtensions.swift */,
				E8C91AFF22E724740017048C /* UIButtonExtensions.swift */,
				E8C91B0022E724740017048C /* NSObjectExtensions.swift */,
				E8C91B0122E724740017048C /* UserDefaultsExtension.swift */,
				E8C91B0222E724740017048C /* UIApplicationExtensions.swift */,
				E8C91B0322E724740017048C /* UIImageViewExtensions.swift */,
				E8C91B0422E724740017048C /* UIUserInterfaceSizeClassExtensions.swift */,
				E8C91B0522E724740017048C /* UIDeviceExtensions.swift */,
				E8C91B0622E724740017048C /* NSAttributedStringExtensions.swift */,
				E8C91B0722E724740017048C /* UIAlertControllerExtensions.swift */,
				E8C91B0822E724740017048C /* UIFontExtensions.swift */,
				E8C91B0922E724740017048C /* UIColorExtensions.swift */,
				E8C91B0A22E724740017048C /* UIEdgeInsets.swift */,
			);
			path = EZSwiftExtensions;
			sourceTree = "<group>";
		};
		E8C91B4922E726FA0017048C /* MenuScreen */ = {
			isa = PBXGroup;
			children = (
				E8C0063022EEDE0600BE2D10 /* MenuStoryboard.storyboard */,
				E8C0063222EEE1D100BE2D10 /* MenuVC.swift */,
				E8C0063422EEE20F00BE2D10 /* MenuCell.swift */,
				E8C0063622EEE29800BE2D10 /* TagsCollectionViewCell.swift */,
				E8C0063822EEE2E400BE2D10 /* ItemsTableViewCell.swift */,
			);
			path = MenuScreen;
			sourceTree = "<group>";
		};
/* End PBXGroup section */

/* Begin PBXNativeTarget section */
		E8C91A9922E721C80017048C /* ElmenusTask */ = {
			isa = PBXNativeTarget;
			buildConfigurationList = E8C91AC422E721C90017048C /* Build configuration list for PBXNativeTarget "ElmenusTask" */;
			buildPhases = (
				65F5C5CD5991FA09583EDD34 /* [CP] Check Pods Manifest.lock */,
				E8C91A9622E721C80017048C /* Sources */,
				E8C91A9722E721C80017048C /* Frameworks */,
				E8C91A9822E721C80017048C /* Resources */,
				BA772B8677EFF37886504A69 /* [CP] Embed Pods Frameworks */,
			);
			buildRules = (
			);
			dependencies = (
			);
			name = ElmenusTask;
			productName = ElmenusTask;
			productReference = E8C91A9A22E721C80017048C /* ElmenusTask.app */;
			productType = "com.apple.product-type.application";
		};
		E8C91AAF22E721C90017048C /* ElmenusTaskTests */ = {
			isa = PBXNativeTarget;
			buildConfigurationList = E8C91AC722E721C90017048C /* Build configuration list for PBXNativeTarget "ElmenusTaskTests" */;
			buildPhases = (
				9996A915B81408D8150FD3D7 /* [CP] Check Pods Manifest.lock */,
				E8C91AAC22E721C90017048C /* Sources */,
				E8C91AAD22E721C90017048C /* Frameworks */,
				E8C91AAE22E721C90017048C /* Resources */,
			);
			buildRules = (
			);
			dependencies = (
				E8C91AB222E721C90017048C /* PBXTargetDependency */,
			);
			name = ElmenusTaskTests;
			productName = ElmenusTaskTests;
			productReference = E8C91AB022E721C90017048C /* ElmenusTaskTests.xctest */;
			productType = "com.apple.product-type.bundle.unit-test";
		};
		E8C91ABA22E721C90017048C /* ElmenusTaskUITests */ = {
			isa = PBXNativeTarget;
			buildConfigurationList = E8C91ACA22E721C90017048C /* Build configuration list for PBXNativeTarget "ElmenusTaskUITests" */;
			buildPhases = (
				38108CFD31A7F1187792A3D7 /* [CP] Check Pods Manifest.lock */,
				E8C91AB722E721C90017048C /* Sources */,
				E8C91AB822E721C90017048C /* Frameworks */,
				E8C91AB922E721C90017048C /* Resources */,
			);
			buildRules = (
			);
			dependencies = (
				E8C91ABD22E721C90017048C /* PBXTargetDependency */,
			);
			name = ElmenusTaskUITests;
			productName = ElmenusTaskUITests;
			productReference = E8C91ABB22E721C90017048C /* ElmenusTaskUITests.xctest */;
			productType = "com.apple.product-type.bundle.ui-testing";
		};
/* End PBXNativeTarget section */

/* Begin PBXProject section */
		E8C91A9222E721C80017048C /* Project object */ = {
			isa = PBXProject;
			attributes = {
				LastSwiftUpdateCheck = 1100;
				LastUpgradeCheck = 1100;
				ORGANIZATIONNAME = "Hesham Donia";
				TargetAttributes = {
					E8C91A9922E721C80017048C = {
						CreatedOnToolsVersion = 11.0;
					};
					E8C91AAF22E721C90017048C = {
						CreatedOnToolsVersion = 11.0;
						TestTargetID = E8C91A9922E721C80017048C;
					};
					E8C91ABA22E721C90017048C = {
						CreatedOnToolsVersion = 11.0;
						TestTargetID = E8C91A9922E721C80017048C;
					};
				};
			};
			buildConfigurationList = E8C91A9522E721C80017048C /* Build configuration list for PBXProject "ElmenusTask" */;
			compatibilityVersion = "Xcode 9.3";
			developmentRegion = en;
			hasScannedForEncodings = 0;
			knownRegions = (
				en,
				Base,
				ar,
			);
			mainGroup = E8C91A9122E721C80017048C;
			productRefGroup = E8C91A9B22E721C80017048C /* Products */;
			projectDirPath = "";
			projectRoot = "";
			targets = (
				E8C91A9922E721C80017048C /* ElmenusTask */,
				E8C91AAF22E721C90017048C /* ElmenusTaskTests */,
				E8C91ABA22E721C90017048C /* ElmenusTaskUITests */,
			);
		};
/* End PBXProject section */

/* Begin PBXResourcesBuildPhase section */
		E8C91A9822E721C80017048C /* Resources */ = {
			isa = PBXResourcesBuildPhase;
			buildActionMask = 2147483647;
			files = (
				E8C0063122EEDE0600BE2D10 /* MenuStoryboard.storyboard in Resources */,
				E8C91AAA22E721C90017048C /* LaunchScreen.storyboard in Resources */,
				E85DFC4822EF787D00E5DA71 /* ItemDetailsStoryboard.storyboard in Resources */,
				E8C91ACF22E723F50017048C /* Localizable.strings in Resources */,
				E8C91AA722E721C90017048C /* Assets.xcassets in Resources */,
				E8C91AA522E721C80017048C /* Main.storyboard in Resources */,
			);
			runOnlyForDeploymentPostprocessing = 0;
		};
		E8C91AAE22E721C90017048C /* Resources */ = {
			isa = PBXResourcesBuildPhase;
			buildActionMask = 2147483647;
			files = (
			);
			runOnlyForDeploymentPostprocessing = 0;
		};
		E8C91AB922E721C90017048C /* Resources */ = {
			isa = PBXResourcesBuildPhase;
			buildActionMask = 2147483647;
			files = (
			);
			runOnlyForDeploymentPostprocessing = 0;
		};
/* End PBXResourcesBuildPhase section */

/* Begin PBXShellScriptBuildPhase section */
		38108CFD31A7F1187792A3D7 /* [CP] Check Pods Manifest.lock */ = {
			isa = PBXShellScriptBuildPhase;
			buildActionMask = 2147483647;
			files = (
			);
			inputFileListPaths = (
			);
			inputPaths = (
				"${PODS_PODFILE_DIR_PATH}/Podfile.lock",
				"${PODS_ROOT}/Manifest.lock",
			);
			name = "[CP] Check Pods Manifest.lock";
			outputFileListPaths = (
			);
			outputPaths = (
				"$(DERIVED_FILE_DIR)/Pods-ElmenusTaskUITests-checkManifestLockResult.txt",
			);
			runOnlyForDeploymentPostprocessing = 0;
			shellPath = /bin/sh;
			shellScript = "diff \"${PODS_PODFILE_DIR_PATH}/Podfile.lock\" \"${PODS_ROOT}/Manifest.lock\" > /dev/null\nif [ $? != 0 ] ; then\n    # print error to STDERR\n    echo \"error: The sandbox is not in sync with the Podfile.lock. Run 'pod install' or update your CocoaPods installation.\" >&2\n    exit 1\nfi\n# This output is used by Xcode 'outputs' to avoid re-running this script phase.\necho \"SUCCESS\" > \"${SCRIPT_OUTPUT_FILE_0}\"\n";
			showEnvVarsInLog = 0;
		};
		65F5C5CD5991FA09583EDD34 /* [CP] Check Pods Manifest.lock */ = {
			isa = PBXShellScriptBuildPhase;
			buildActionMask = 2147483647;
			files = (
			);
			inputFileListPaths = (
			);
			inputPaths = (
				"${PODS_PODFILE_DIR_PATH}/Podfile.lock",
				"${PODS_ROOT}/Manifest.lock",
			);
			name = "[CP] Check Pods Manifest.lock";
			outputFileListPaths = (
			);
			outputPaths = (
				"$(DERIVED_FILE_DIR)/Pods-ElmenusTask-checkManifestLockResult.txt",
			);
			runOnlyForDeploymentPostprocessing = 0;
			shellPath = /bin/sh;
			shellScript = "diff \"${PODS_PODFILE_DIR_PATH}/Podfile.lock\" \"${PODS_ROOT}/Manifest.lock\" > /dev/null\nif [ $? != 0 ] ; then\n    # print error to STDERR\n    echo \"error: The sandbox is not in sync with the Podfile.lock. Run 'pod install' or update your CocoaPods installation.\" >&2\n    exit 1\nfi\n# This output is used by Xcode 'outputs' to avoid re-running this script phase.\necho \"SUCCESS\" > \"${SCRIPT_OUTPUT_FILE_0}\"\n";
			showEnvVarsInLog = 0;
		};
		9996A915B81408D8150FD3D7 /* [CP] Check Pods Manifest.lock */ = {
			isa = PBXShellScriptBuildPhase;
			buildActionMask = 2147483647;
			files = (
			);
			inputFileListPaths = (
			);
			inputPaths = (
				"${PODS_PODFILE_DIR_PATH}/Podfile.lock",
				"${PODS_ROOT}/Manifest.lock",
			);
			name = "[CP] Check Pods Manifest.lock";
			outputFileListPaths = (
			);
			outputPaths = (
				"$(DERIVED_FILE_DIR)/Pods-ElmenusTaskTests-checkManifestLockResult.txt",
			);
			runOnlyForDeploymentPostprocessing = 0;
			shellPath = /bin/sh;
			shellScript = "diff \"${PODS_PODFILE_DIR_PATH}/Podfile.lock\" \"${PODS_ROOT}/Manifest.lock\" > /dev/null\nif [ $? != 0 ] ; then\n    # print error to STDERR\n    echo \"error: The sandbox is not in sync with the Podfile.lock. Run 'pod install' or update your CocoaPods installation.\" >&2\n    exit 1\nfi\n# This output is used by Xcode 'outputs' to avoid re-running this script phase.\necho \"SUCCESS\" > \"${SCRIPT_OUTPUT_FILE_0}\"\n";
			showEnvVarsInLog = 0;
		};
		BA772B8677EFF37886504A69 /* [CP] Embed Pods Frameworks */ = {
			isa = PBXShellScriptBuildPhase;
			buildActionMask = 2147483647;
			files = (
			);
			inputFileListPaths = (
				"${PODS_ROOT}/Target Support Files/Pods-ElmenusTask/Pods-ElmenusTask-frameworks-${CONFIGURATION}-input-files.xcfilelist",
			);
			name = "[CP] Embed Pods Frameworks";
			outputFileListPaths = (
				"${PODS_ROOT}/Target Support Files/Pods-ElmenusTask/Pods-ElmenusTask-frameworks-${CONFIGURATION}-output-files.xcfilelist",
			);
			runOnlyForDeploymentPostprocessing = 0;
			shellPath = /bin/sh;
			shellScript = "\"${PODS_ROOT}/Target Support Files/Pods-ElmenusTask/Pods-ElmenusTask-frameworks.sh\"\n";
			showEnvVarsInLog = 0;
		};
/* End PBXShellScriptBuildPhase section */

/* Begin PBXSourcesBuildPhase section */
		E8C91A9622E721C80017048C /* Sources */ = {
			isa = PBXSourcesBuildPhase;
			buildActionMask = 2147483647;
			files = (
				E8C91B1022E724740017048C /* NavigationBarUtils.swift in Sources */,
				E8C91B3222E724740017048C /* IntExtensions.swift in Sources */,
				E8C91B4122E724740017048C /* UIFontExtensions.swift in Sources */,
				E85DFC4622EF787200E5DA71 /* ItemDetailsVC.swift in Sources */,
				E8C91B1B22E724740017048C /* DictionaryExtensions.swift in Sources */,
				E8C91B3C22E724740017048C /* UIImageViewExtensions.swift in Sources */,
				E8C91B2E22E724740017048C /* CharacterExtensions.swift in Sources */,
				E85DFC3922EEE8CB00E5DA71 /* Tag.swift in Sources */,
				E85DFC4322EF5ED300E5DA71 /* SceneDelegate.swift in Sources */,
				E8C91B1322E724740017048C /* BlockPan.swift in Sources */,
				E8C91B1922E724740017048C /* BlockSwipe.swift in Sources */,
				E8C91B4322E724740017048C /* UIEdgeInsets.swift in Sources */,
				E8C91B2522E724740017048C /* DoubleExtensions.swift in Sources */,
				E8C91B1722E724740017048C /* CGPointExtensions.swift in Sources */,
				E8C91B2322E724740017048C /* BoolExtensions.swift in Sources */,
				E8C91B2022E724740017048C /* UIStoryboardExtensions.swift in Sources */,
				E8C91B2222E724740017048C /* UIColoredView.swift in Sources */,
				E8C91B3422E724740017048C /* BlockLongPress.swift in Sources */,
				E85DFC3422EEE7D700E5DA71 /* MenuViewModel.swift in Sources */,
				E8C91B3B22E724740017048C /* UIApplicationExtensions.swift in Sources */,
				E8C91B2922E724740017048C /* FileManagerExtension.swift in Sources */,
				E8C91B2A22E724740017048C /* CollectionsExtension.swift in Sources */,
				E8C91B1422E724740017048C /* ArrayExtensions.swift in Sources */,
				E8C91B1622E724740017048C /* BlockWebView.swift in Sources */,
				E8C91B1122E724740017048C /* CGRectExtensions.swift in Sources */,
				E85DFC3622EEE87F00E5DA71 /* MenuRepository.swift in Sources */,
				E8C91B1D22E724740017048C /* UIBarButtonItemExtensions.swift in Sources */,
				E8C91B3E22E724740017048C /* UIDeviceExtensions.swift in Sources */,
				E8C91B4222E724740017048C /* UIColorExtensions.swift in Sources */,
				E8C91B3322E724740017048C /* UIWindowExtensions.swift in Sources */,
				E8C91B4022E724740017048C /* UIAlertControllerExtensions.swift in Sources */,
				E8C91B4722E724740017048C /* CommonConstants.swift in Sources */,
				E8C91B3022E724740017048C /* FloatingPointExtensions.swift in Sources */,
				E8C91B1A22E724740017048C /* UITextViewExtensions.swift in Sources */,
				E8C0063322EEE1D100BE2D10 /* MenuVC.swift in Sources */,
				E8C91B3522E724740017048C /* DateExtensions.swift in Sources */,
				E8C91B2122E724740017048C /* BlockButton.swift in Sources */,
				E8C91B3622E724740017048C /* UILabelExtensions.swift in Sources */,
				E8C91B4622E724740017048C /* Colors.swift in Sources */,
				E8C91B2422E724740017048C /* EZSwiftFunctions.swift in Sources */,
				E85DFC3B22EEE93A00E5DA71 /* Item.swift in Sources */,
				E8C91B3A22E724740017048C /* UserDefaultsExtension.swift in Sources */,
				E8C91AD422E724560017048C /* BaseVC.swift in Sources */,
				E8C91B2722E724740017048C /* URLExtensions.swift in Sources */,
				E8C91B1C22E724740017048C /* BlockPinch.swift in Sources */,
				E8C91B1F22E724740017048C /* StringExtensions.swift in Sources */,
				E85DFC4C22EFE3CC00E5DA71 /* LocalTag.swift in Sources */,
				E8C91B2F22E724740017048C /* BlockTap.swift in Sources */,
				E8C91B3822E724740017048C /* UIButtonExtensions.swift in Sources */,
				E8C91B3D22E724740017048C /* UIUserInterfaceSizeClassExtensions.swift in Sources */,
				E8C91B1522E724740017048C /* UITextFieldExtensions.swift in Sources */,
				E8C91B3F22E724740017048C /* NSAttributedStringExtensions.swift in Sources */,
				E8C91A9E22E721C80017048C /* AppDelegate.swift in Sources */,
				E8C91B2822E724740017048C /* UIViewControllerExtensions.swift in Sources */,
				E8C91B3722E724740017048C /* UISwitchExtensions.swift in Sources */,
				E8C91B3922E724740017048C /* NSObjectExtensions.swift in Sources */,
				E8C91B4422E724740017048C /* UiHelpers.swift in Sources */,
				E8C91B4522E724740017048C /* Injector.swift in Sources */,
				E8C91B1E22E724740017048C /* ErrorTypeExtensions.swift in Sources */,
				E8C91B2C22E724740017048C /* UIViewExtensions.swift in Sources */,
				E8C91B3122E724740017048C /* NSDictionaryExtensions.swift in Sources */,
				E8C91B2D22E724740017048C /* BundleExtensions.swift in Sources */,
				E8C91B4822E724740017048C /* Navigator.swift in Sources */,
				E8C91B2622E724740017048C /* UISliderExtensions.swift in Sources */,
				E8C0063722EEE29800BE2D10 /* TagsCollectionViewCell.swift in Sources */,
				E8C91B2B22E724740017048C /* UIImageExtensions.swift in Sources */,
				E8C0063922EEE2E400BE2D10 /* ItemsTableViewCell.swift in Sources */,
				E8C91B1822E724740017048C /* TimerExtensions.swift in Sources */,
				E8C91B1222E724740017048C /* CGFloatExtensions.swift in Sources */,
				E85DFC4E22EFE3D700E5DA71 /* LocalItem.swift in Sources */,
				E8C0063522EEE20F00BE2D10 /* MenuCell.swift in Sources */,
			);
			runOnlyForDeploymentPostprocessing = 0;
		};
		E8C91AAC22E721C90017048C /* Sources */ = {
			isa = PBXSourcesBuildPhase;
			buildActionMask = 2147483647;
			files = (
				E8C91AB522E721C90017048C /* ElmenusTaskTests.swift in Sources */,
			);
			runOnlyForDeploymentPostprocessing = 0;
		};
		E8C91AB722E721C90017048C /* Sources */ = {
			isa = PBXSourcesBuildPhase;
			buildActionMask = 2147483647;
			files = (
				E8C91AC022E721C90017048C /* ElmenusTaskUITests.swift in Sources */,
			);
			runOnlyForDeploymentPostprocessing = 0;
		};
/* End PBXSourcesBuildPhase section */

/* Begin PBXTargetDependency section */
		E8C91AB222E721C90017048C /* PBXTargetDependency */ = {
			isa = PBXTargetDependency;
			target = E8C91A9922E721C80017048C /* ElmenusTask */;
			targetProxy = E8C91AB122E721C90017048C /* PBXContainerItemProxy */;
		};
		E8C91ABD22E721C90017048C /* PBXTargetDependency */ = {
			isa = PBXTargetDependency;
			target = E8C91A9922E721C80017048C /* ElmenusTask */;
			targetProxy = E8C91ABC22E721C90017048C /* PBXContainerItemProxy */;
		};
/* End PBXTargetDependency section */

/* Begin PBXVariantGroup section */
		E8C91AA322E721C80017048C /* Main.storyboard */ = {
			isa = PBXVariantGroup;
			children = (
				E8C91AA422E721C80017048C /* Base */,
			);
			name = Main.storyboard;
			sourceTree = "<group>";
		};
		E8C91AA822E721C90017048C /* LaunchScreen.storyboard */ = {
			isa = PBXVariantGroup;
			children = (
				E8C91AA922E721C90017048C /* Base */,
			);
			name = LaunchScreen.storyboard;
			sourceTree = "<group>";
		};
		E8C91AD122E723F50017048C /* Localizable.strings */ = {
			isa = PBXVariantGroup;
			children = (
				E8C91AD022E723F50017048C /* en */,
				E8C91AD222E7240D0017048C /* ar */,
			);
			name = Localizable.strings;
			sourceTree = "<group>";
		};
/* End PBXVariantGroup section */

/* Begin XCBuildConfiguration section */
		E8C91AC222E721C90017048C /* Debug */ = {
			isa = XCBuildConfiguration;
			buildSettings = {
				ALWAYS_SEARCH_USER_PATHS = NO;
				CLANG_ANALYZER_LOCALIZABILITY_NONLOCALIZED = YES;
				CLANG_ANALYZER_NONNULL = YES;
				CLANG_ANALYZER_NUMBER_OBJECT_CONVERSION = YES_AGGRESSIVE;
				CLANG_CXX_LANGUAGE_STANDARD = "gnu++14";
				CLANG_CXX_LIBRARY = "libc++";
				CLANG_ENABLE_MODULES = YES;
				CLANG_ENABLE_OBJC_ARC = YES;
				CLANG_ENABLE_OBJC_WEAK = YES;
				CLANG_WARN_BLOCK_CAPTURE_AUTORELEASING = YES;
				CLANG_WARN_BOOL_CONVERSION = YES;
				CLANG_WARN_COMMA = YES;
				CLANG_WARN_CONSTANT_CONVERSION = YES;
				CLANG_WARN_DEPRECATED_OBJC_IMPLEMENTATIONS = YES;
				CLANG_WARN_DIRECT_OBJC_ISA_USAGE = YES_ERROR;
				CLANG_WARN_DOCUMENTATION_COMMENTS = YES;
				CLANG_WARN_EMPTY_BODY = YES;
				CLANG_WARN_ENUM_CONVERSION = YES;
				CLANG_WARN_INFINITE_RECURSION = YES;
				CLANG_WARN_INT_CONVERSION = YES;
				CLANG_WARN_NON_LITERAL_NULL_CONVERSION = YES;
				CLANG_WARN_OBJC_IMPLICIT_RETAIN_SELF = YES;
				CLANG_WARN_OBJC_LITERAL_CONVERSION = YES;
				CLANG_WARN_OBJC_ROOT_CLASS = YES_ERROR;
				CLANG_WARN_RANGE_LOOP_ANALYSIS = YES;
				CLANG_WARN_STRICT_PROTOTYPES = YES;
				CLANG_WARN_SUSPICIOUS_MOVE = YES;
				CLANG_WARN_UNGUARDED_AVAILABILITY = YES_AGGRESSIVE;
				CLANG_WARN_UNREACHABLE_CODE = YES;
				CLANG_WARN__DUPLICATE_METHOD_MATCH = YES;
				COPY_PHASE_STRIP = NO;
				DEBUG_INFORMATION_FORMAT = dwarf;
				ENABLE_STRICT_OBJC_MSGSEND = YES;
				ENABLE_TESTABILITY = YES;
				GCC_C_LANGUAGE_STANDARD = gnu11;
				GCC_DYNAMIC_NO_PIC = NO;
				GCC_NO_COMMON_BLOCKS = YES;
				GCC_OPTIMIZATION_LEVEL = 0;
				GCC_PREPROCESSOR_DEFINITIONS = (
					"DEBUG=1",
					"$(inherited)",
				);
				GCC_WARN_64_TO_32_BIT_CONVERSION = YES;
				GCC_WARN_ABOUT_RETURN_TYPE = YES_ERROR;
				GCC_WARN_UNDECLARED_SELECTOR = YES;
				GCC_WARN_UNINITIALIZED_AUTOS = YES_AGGRESSIVE;
				GCC_WARN_UNUSED_FUNCTION = YES;
				GCC_WARN_UNUSED_VARIABLE = YES;
				IPHONEOS_DEPLOYMENT_TARGET = 13.0;
				MTL_ENABLE_DEBUG_INFO = INCLUDE_SOURCE;
				MTL_FAST_MATH = YES;
				ONLY_ACTIVE_ARCH = YES;
				SDKROOT = iphoneos;
				SWIFT_ACTIVE_COMPILATION_CONDITIONS = DEBUG;
				SWIFT_OPTIMIZATION_LEVEL = "-Onone";
			};
			name = Debug;
		};
		E8C91AC322E721C90017048C /* Release */ = {
			isa = XCBuildConfiguration;
			buildSettings = {
				ALWAYS_SEARCH_USER_PATHS = NO;
				CLANG_ANALYZER_LOCALIZABILITY_NONLOCALIZED = YES;
				CLANG_ANALYZER_NONNULL = YES;
				CLANG_ANALYZER_NUMBER_OBJECT_CONVERSION = YES_AGGRESSIVE;
				CLANG_CXX_LANGUAGE_STANDARD = "gnu++14";
				CLANG_CXX_LIBRARY = "libc++";
				CLANG_ENABLE_MODULES = YES;
				CLANG_ENABLE_OBJC_ARC = YES;
				CLANG_ENABLE_OBJC_WEAK = YES;
				CLANG_WARN_BLOCK_CAPTURE_AUTORELEASING = YES;
				CLANG_WARN_BOOL_CONVERSION = YES;
				CLANG_WARN_COMMA = YES;
				CLANG_WARN_CONSTANT_CONVERSION = YES;
				CLANG_WARN_DEPRECATED_OBJC_IMPLEMENTATIONS = YES;
				CLANG_WARN_DIRECT_OBJC_ISA_USAGE = YES_ERROR;
				CLANG_WARN_DOCUMENTATION_COMMENTS = YES;
				CLANG_WARN_EMPTY_BODY = YES;
				CLANG_WARN_ENUM_CONVERSION = YES;
				CLANG_WARN_INFINITE_RECURSION = YES;
				CLANG_WARN_INT_CONVERSION = YES;
				CLANG_WARN_NON_LITERAL_NULL_CONVERSION = YES;
				CLANG_WARN_OBJC_IMPLICIT_RETAIN_SELF = YES;
				CLANG_WARN_OBJC_LITERAL_CONVERSION = YES;
				CLANG_WARN_OBJC_ROOT_CLASS = YES_ERROR;
				CLANG_WARN_RANGE_LOOP_ANALYSIS = YES;
				CLANG_WARN_STRICT_PROTOTYPES = YES;
				CLANG_WARN_SUSPICIOUS_MOVE = YES;
				CLANG_WARN_UNGUARDED_AVAILABILITY = YES_AGGRESSIVE;
				CLANG_WARN_UNREACHABLE_CODE = YES;
				CLANG_WARN__DUPLICATE_METHOD_MATCH = YES;
				COPY_PHASE_STRIP = NO;
				DEBUG_INFORMATION_FORMAT = "dwarf-with-dsym";
				ENABLE_NS_ASSERTIONS = NO;
				ENABLE_STRICT_OBJC_MSGSEND = YES;
				GCC_C_LANGUAGE_STANDARD = gnu11;
				GCC_NO_COMMON_BLOCKS = YES;
				GCC_WARN_64_TO_32_BIT_CONVERSION = YES;
				GCC_WARN_ABOUT_RETURN_TYPE = YES_ERROR;
				GCC_WARN_UNDECLARED_SELECTOR = YES;
				GCC_WARN_UNINITIALIZED_AUTOS = YES_AGGRESSIVE;
				GCC_WARN_UNUSED_FUNCTION = YES;
				GCC_WARN_UNUSED_VARIABLE = YES;
				IPHONEOS_DEPLOYMENT_TARGET = 13.0;
				MTL_ENABLE_DEBUG_INFO = NO;
				MTL_FAST_MATH = YES;
				SDKROOT = iphoneos;
				SWIFT_COMPILATION_MODE = wholemodule;
				SWIFT_OPTIMIZATION_LEVEL = "-O";
				VALIDATE_PRODUCT = YES;
			};
			name = Release;
		};
		E8C91AC522E721C90017048C /* Debug */ = {
			isa = XCBuildConfiguration;
			baseConfigurationReference = 35A91E76A989E2C8EB32DE1B /* Pods-ElmenusTask.debug.xcconfig */;
			buildSettings = {
				ASSETCATALOG_COMPILER_APPICON_NAME = AppIcon;
				CODE_SIGN_STYLE = Automatic;
				INFOPLIST_FILE = ElmenusTask/Info.plist;
				LD_RUNPATH_SEARCH_PATHS = (
					"$(inherited)",
					"@executable_path/Frameworks",
				);
				PRODUCT_BUNDLE_IDENTIFIER = com.Testing.ElmenusTask;
				PRODUCT_NAME = "$(TARGET_NAME)";
				SWIFT_VERSION = 5.0;
				TARGETED_DEVICE_FAMILY = "1,2";
			};
			name = Debug;
		};
		E8C91AC622E721C90017048C /* Release */ = {
			isa = XCBuildConfiguration;
			baseConfigurationReference = 31B30CC7287AB3B8CA2A5A63 /* Pods-ElmenusTask.release.xcconfig */;
			buildSettings = {
				ASSETCATALOG_COMPILER_APPICON_NAME = AppIcon;
				CODE_SIGN_STYLE = Automatic;
				INFOPLIST_FILE = ElmenusTask/Info.plist;
				LD_RUNPATH_SEARCH_PATHS = (
					"$(inherited)",
					"@executable_path/Frameworks",
				);
				PRODUCT_BUNDLE_IDENTIFIER = com.Testing.ElmenusTask;
				PRODUCT_NAME = "$(TARGET_NAME)";
				SWIFT_VERSION = 5.0;
				TARGETED_DEVICE_FAMILY = "1,2";
			};
			name = Release;
		};
		E8C91AC822E721C90017048C /* Debug */ = {
			isa = XCBuildConfiguration;
			baseConfigurationReference = 5A124BE0498D73FC62CF2EFF /* Pods-ElmenusTaskTests.debug.xcconfig */;
			buildSettings = {
				ALWAYS_EMBED_SWIFT_STANDARD_LIBRARIES = YES;
				BUNDLE_LOADER = "$(TEST_HOST)";
				CODE_SIGN_STYLE = Automatic;
				INFOPLIST_FILE = ElmenusTaskTests/Info.plist;
				LD_RUNPATH_SEARCH_PATHS = (
					"$(inherited)",
					"@executable_path/Frameworks",
					"@loader_path/Frameworks",
				);
				PRODUCT_BUNDLE_IDENTIFIER = com.Testing.ElmenusTaskTests;
				PRODUCT_NAME = "$(TARGET_NAME)";
				SWIFT_VERSION = 5.0;
				TARGETED_DEVICE_FAMILY = "1,2";
				TEST_HOST = "$(BUILT_PRODUCTS_DIR)/ElmenusTask.app/ElmenusTask";
			};
			name = Debug;
		};
		E8C91AC922E721C90017048C /* Release */ = {
			isa = XCBuildConfiguration;
			baseConfigurationReference = 925C6410F92141E3E673AFCC /* Pods-ElmenusTaskTests.release.xcconfig */;
			buildSettings = {
				ALWAYS_EMBED_SWIFT_STANDARD_LIBRARIES = YES;
				BUNDLE_LOADER = "$(TEST_HOST)";
				CODE_SIGN_STYLE = Automatic;
				INFOPLIST_FILE = ElmenusTaskTests/Info.plist;
				LD_RUNPATH_SEARCH_PATHS = (
					"$(inherited)",
					"@executable_path/Frameworks",
					"@loader_path/Frameworks",
				);
				PRODUCT_BUNDLE_IDENTIFIER = com.Testing.ElmenusTaskTests;
				PRODUCT_NAME = "$(TARGET_NAME)";
				SWIFT_VERSION = 5.0;
				TARGETED_DEVICE_FAMILY = "1,2";
				TEST_HOST = "$(BUILT_PRODUCTS_DIR)/ElmenusTask.app/ElmenusTask";
			};
			name = Release;
		};
		E8C91ACB22E721C90017048C /* Debug */ = {
			isa = XCBuildConfiguration;
			baseConfigurationReference = 968251DF25CCFE628D5E4D52 /* Pods-ElmenusTaskUITests.debug.xcconfig */;
			buildSettings = {
				ALWAYS_EMBED_SWIFT_STANDARD_LIBRARIES = YES;
				CODE_SIGN_STYLE = Automatic;
				INFOPLIST_FILE = ElmenusTaskUITests/Info.plist;
				LD_RUNPATH_SEARCH_PATHS = (
					"$(inherited)",
					"@executable_path/Frameworks",
					"@loader_path/Frameworks",
				);
				PRODUCT_BUNDLE_IDENTIFIER = com.Testing.ElmenusTaskUITests;
				PRODUCT_NAME = "$(TARGET_NAME)";
				SWIFT_VERSION = 5.0;
				TARGETED_DEVICE_FAMILY = "1,2";
				TEST_TARGET_NAME = ElmenusTask;
			};
			name = Debug;
		};
		E8C91ACC22E721C90017048C /* Release */ = {
			isa = XCBuildConfiguration;
			baseConfigurationReference = 702168A4DE8AE35359B74E1C /* Pods-ElmenusTaskUITests.release.xcconfig */;
			buildSettings = {
				ALWAYS_EMBED_SWIFT_STANDARD_LIBRARIES = YES;
				CODE_SIGN_STYLE = Automatic;
				INFOPLIST_FILE = ElmenusTaskUITests/Info.plist;
				LD_RUNPATH_SEARCH_PATHS = (
					"$(inherited)",
					"@executable_path/Frameworks",
					"@loader_path/Frameworks",
				);
				PRODUCT_BUNDLE_IDENTIFIER = com.Testing.ElmenusTaskUITests;
				PRODUCT_NAME = "$(TARGET_NAME)";
				SWIFT_VERSION = 5.0;
				TARGETED_DEVICE_FAMILY = "1,2";
				TEST_TARGET_NAME = ElmenusTask;
			};
			name = Release;
		};
/* End XCBuildConfiguration section */

/* Begin XCConfigurationList section */
		E8C91A9522E721C80017048C /* Build configuration list for PBXProject "ElmenusTask" */ = {
			isa = XCConfigurationList;
			buildConfigurations = (
				E8C91AC222E721C90017048C /* Debug */,
				E8C91AC322E721C90017048C /* Release */,
			);
			defaultConfigurationIsVisible = 0;
			defaultConfigurationName = Release;
		};
		E8C91AC422E721C90017048C /* Build configuration list for PBXNativeTarget "ElmenusTask" */ = {
			isa = XCConfigurationList;
			buildConfigurations = (
				E8C91AC522E721C90017048C /* Debug */,
				E8C91AC622E721C90017048C /* Release */,
			);
			defaultConfigurationIsVisible = 0;
			defaultConfigurationName = Release;
		};
		E8C91AC722E721C90017048C /* Build configuration list for PBXNativeTarget "ElmenusTaskTests" */ = {
			isa = XCConfigurationList;
			buildConfigurations = (
				E8C91AC822E721C90017048C /* Debug */,
				E8C91AC922E721C90017048C /* Release */,
			);
			defaultConfigurationIsVisible = 0;
			defaultConfigurationName = Release;
		};
		E8C91ACA22E721C90017048C /* Build configuration list for PBXNativeTarget "ElmenusTaskUITests" */ = {
			isa = XCConfigurationList;
			buildConfigurations = (
				E8C91ACB22E721C90017048C /* Debug */,
				E8C91ACC22E721C90017048C /* Release */,
			);
			defaultConfigurationIsVisible = 0;
			defaultConfigurationName = Release;
		};
/* End XCConfigurationList section */
	};
	rootObject = E8C91A9222E721C80017048C /* Project object */;
}
